
Microsoft Visual Studio Solution File, Format Version 12.00
# Visual Studio 2012
Project("{FAE04EC0-301F-11D3-BF4B-00C04F79EFBC}") = "XMPPEngineer", "XMPPEngineer.csproj", "{C462F45F-CC89-4E71-971D-79E4495B6C2B}"
EndProject
Project("{FAE04EC0-301F-11D3-BF4B-00C04F79EFBC}") = "XMPPEngineerTest", "XMPPEngineerTest\XMPPEngineerTest.csproj", "{5FB57B73-A453-4489-8DBA-ED489832D81E}"
EndProject
Global
	GlobalSection(SolutionConfigurationPlatforms) = preSolution
		Debug|Any CPU = Debug|Any CPU
		Release|Any CPU = Release|Any CPU
	EndGlobalSection
	GlobalSection(ProjectConfigurationPlatforms) = postSolution
		{C462F45F-CC89-4E71-971D-79E4495B6C2B}.Debug|Any CPU.ActiveCfg = Debug|Any CPU
		{C462F45F-CC89-4E71-971D-79E4495B6C2B}.Debug|Any CPU.Build.0 = Debug|Any CPU
		{C462F45F-CC89-4E71-971D-79E4495B6C2B}.Release|Any CPU.ActiveCfg = Release|Any CPU
		{C462F45F-CC89-4E71-971D-79E4495B6C2B}.Release|Any CPU.Build.0 = Release|Any CPU
		{5FB57B73-A453-4489-8DBA-ED489832D81E}.Debug|Any CPU.ActiveCfg = Debug|Any CPU
		{5FB57B73-A453-4489-8DBA-ED489832D81E}.Debug|Any CPU.Build.0 = Debug|Any CPU
		{5FB57B73-A453-4489-8DBA-ED489832D81E}.Release|Any CPU.ActiveCfg = Release|Any CPU
		{5FB57B73-A453-4489-8DBA-ED489832D81E}.Release|Any CPU.Build.0 = Release|Any CPU
	EndGlobalSection
EndGlobal
